// !$*UTF8*$!
{
	archiveVersion = 1;
	classes = {
	};
	objectVersion = 46;
	objects = {

/* Begin PBXBuildFile section */
		2089E75B1B9A036F00013F46 /* AppDelegate.swift in Sources */ = {isa = PBXBuildFile; fileRef = 2089E75A1B9A036F00013F46 /* AppDelegate.swift */; };
		2089E75D1B9A036F00013F46 /* ViewController.swift in Sources */ = {isa = PBXBuildFile; fileRef = 2089E75C1B9A036F00013F46 /* ViewController.swift */; };
		2089E7601B9A036F00013F46 /* Main.storyboard in Resources */ = {isa = PBXBuildFile; fileRef = 2089E75E1B9A036F00013F46 /* Main.storyboard */; };
		2089E7621B9A036F00013F46 /* Images.xcassets in Resources */ = {isa = PBXBuildFile; fileRef = 2089E7611B9A036F00013F46 /* Images.xcassets */; };
		2089E7651B9A036F00013F46 /* LaunchScreen.xib in Resources */ = {isa = PBXBuildFile; fileRef = 2089E7631B9A036F00013F46 /* LaunchScreen.xib */; };
		2089E7711B9A036F00013F46 /* TableMenuViewTests.swift in Sources */ = {isa = PBXBuildFile; fileRef = 2089E7701B9A036F00013F46 /* TableMenuViewTests.swift */; };
		2089E77B1B9A037D00013F46 /* TableMenuView.swift in Sources */ = {isa = PBXBuildFile; fileRef = 2089E77A1B9A037D00013F46 /* TableMenuView.swift */; };
/* End PBXBuildFile section */

/* Begin PBXContainerItemProxy section */
		2089E76B1B9A036F00013F46 /* PBXContainerItemProxy */ = {
			isa = PBXContainerItemProxy;
			containerPortal = 2089E74D1B9A036F00013F46 /* Project object */;
			proxyType = 1;
			remoteGlobalIDString = 2089E7541B9A036F00013F46;
			remoteInfo = TableMenuView;
		};
/* End PBXContainerItemProxy section */

/* Begin PBXFileReference section */
		2089E7551B9A036F00013F46 /* TableMenuView.app */ = {isa = PBXFileReference; explicitFileType = wrapper.application; includeInIndex = 0; path = TableMenuView.app; sourceTree = BUILT_PRODUCTS_DIR; };
		2089E7591B9A036F00013F46 /* Info.plist */ = {isa = PBXFileReference; lastKnownFileType = text.plist.xml; path = Info.plist; sourceTree = "<group>"; };
		2089E75A1B9A036F00013F46 /* AppDelegate.swift */ = {isa = PBXFileReference; lastKnownFileType = sourcecode.swift; path = AppDelegate.swift; sourceTree = "<group>"; };
		2089E75C1B9A036F00013F46 /* ViewController.swift */ = {isa = PBXFileReference; lastKnownFileType = sourcecode.swift; path = ViewController.swift; sourceTree = "<group>"; };
		2089E75F1B9A036F00013F46 /* Base */ = {isa = PBXFileReference; lastKnownFileType = file.storyboard; name = Base; path = Base.lproj/Main.storyboard; sourceTree = "<group>"; };
		2089E7611B9A036F00013F46 /* Images.xcassets */ = {isa = PBXFileReference; lastKnownFileType = folder.assetcatalog; path = Images.xcassets; sourceTree = "<group>"; };
		2089E7641B9A036F00013F46 /* Base */ = {isa = PBXFileReference; lastKnownFileType = file.xib; name = Base; path = Base.lproj/LaunchScreen.xib; sourceTree = "<group>"; };
		2089E76A1B9A036F00013F46 /* TableMenuViewTests.xctest */ = {isa = PBXFileReference; explicitFileType = wrapper.cfbundle; includeInIndex = 0; path = TableMenuViewTests.xctest; sourceTree = BUILT_PRODUCTS_DIR; };
		2089E76F1B9A036F00013F46 /* Info.plist */ = {isa = PBXFileReference; lastKnownFileType = text.plist.xml; path = Info.plist; sourceTree = "<group>"; };
		2089E7701B9A036F00013F46 /* TableMenuViewTests.swift */ = {isa = PBXFileReference; lastKnownFileType = sourcecode.swift; path = TableMenuViewTests.swift; sourceTree = "<group>"; };
		2089E77A1B9A037D00013F46 /* TableMenuView.swift */ = {isa = PBXFileReference; fileEncoding = 4; lastKnownFileType = sourcecode.swift; path = TableMenuView.swift; sourceTree = "<group>"; };
/* End PBXFileReference section */

/* Begin PBXFrameworksBuildPhase section */
		2089E7521B9A036F00013F46 /* Frameworks */ = {
			isa = PBXFrameworksBuildPhase;
			buildActionMask = 2147483647;
			files = (
			);
			runOnlyForDeploymentPostprocessing = 0;
		};
		2089E7671B9A036F00013F46 /* Frameworks */ = {
			isa = PBXFrameworksBuildPhase;
			buildActionMask = 2147483647;
			files = (
			);
			runOnlyForDeploymentPostprocessing = 0;
		};
/* End PBXFrameworksBuildPhase section */

/* Begin PBXGroup section */
		2089E74C1B9A036F00013F46 = {
			isa = PBXGroup;
			children = (
				2089E7571B9A036F00013F46 /* TableMenuView */,
				2089E76D1B9A036F00013F46 /* TableMenuViewTests */,
				2089E7561B9A036F00013F46 /* Products */,
			);
			sourceTree = "<group>";
		};
		2089E7561B9A036F00013F46 /* Products */ = {
			isa = PBXGroup;
			children = (
				2089E7551B9A036F00013F46 /* TableMenuView.app */,
				2089E76A1B9A036F00013F46 /* TableMenuViewTests.xctest */,
			);
			name = Products;
			sourceTree = "<group>";
		};
		2089E7571B9A036F00013F46 /* TableMenuView */ = {
			isa = PBXGroup;
			children = (
				2089E75A1B9A036F00013F46 /* AppDelegate.swift */,
				2089E75C1B9A036F00013F46 /* ViewController.swift */,
				2089E75E1B9A036F00013F46 /* Main.storyboard */,
				2089E7611B9A036F00013F46 /* Images.xcassets */,
				2089E7631B9A036F00013F46 /* LaunchScreen.xib */,
				2089E7581B9A036F00013F46 /* Supporting Files */,
				2089E77A1B9A037D00013F46 /* TableMenuView.swift */,
			);
			path = TableMenuView;
			sourceTree = "<group>";
		};
		2089E7581B9A036F00013F46 /* Supporting Files */ = {
			isa = PBXGroup;
			children = (
				2089E7591B9A036F00013F46 /* Info.plist */,
			);
			name = "Supporting Files";
			sourceTree = "<group>";
		};
		2089E76D1B9A036F00013F46 /* TableMenuViewTests */ = {
			isa = PBXGroup;
			children = (
				2089E7701B9A036F00013F46 /* TableMenuViewTests.swift */,
				2089E76E1B9A036F00013F46 /* Supporting Files */,
			);
			path = TableMenuViewTests;
			sourceTree = "<group>";
		};
		2089E76E1B9A036F00013F46 /* Supporting Files */ = {
			isa = PBXGroup;
			children = (
				2089E76F1B9A036F00013F46 /* Info.plist */,
			);
			name = "Supporting Files";
			sourceTree = "<group>";
		};
/* End PBXGroup section */

/* Begin PBXNativeTarget section */
		2089E7541B9A036F00013F46 /* TableMenuView */ = {
			isa = PBXNativeTarget;
			buildConfigurationList = 2089E7741B9A036F00013F46 /* Build configuration list for PBXNativeTarget "TableMenuView" */;
			buildPhases = (
				2089E7511B9A036F00013F46 /* Sources */,
				2089E7521B9A036F00013F46 /* Frameworks */,
				2089E7531B9A036F00013F46 /* Resources */,
			);
			buildRules = (
			);
			dependencies = (
			);
			name = TableMenuView;
			productName = TableMenuView;
			productReference = 2089E7551B9A036F00013F46 /* TableMenuView.app */;
			productType = "com.apple.product-type.application";
		};
		2089E7691B9A036F00013F46 /* TableMenuViewTests */ = {
			isa = PBXNativeTarget;
			buildConfigurationList = 2089E7771B9A036F00013F46 /* Build configuration list for PBXNativeTarget "TableMenuViewTests" */;
			buildPhases = (
				2089E7661B9A036F00013F46 /* Sources */,
				2089E7671B9A036F00013F46 /* Frameworks */,
				2089E7681B9A036F00013F46 /* Resources */,
			);
			buildRules = (
			);
			dependencies = (
				2089E76C1B9A036F00013F46 /* PBXTargetDependency */,
			);
			name = TableMenuViewTests;
			productName = TableMenuViewTests;
			productReference = 2089E76A1B9A036F00013F46 /* TableMenuViewTests.xctest */;
			productType = "com.apple.product-type.bundle.unit-test";
		};
/* End PBXNativeTarget section */

/* Begin PBXProject section */
		2089E74D1B9A036F00013F46 /* Project object */ = {
			isa = PBXProject;
			attributes = {
				LastSwiftUpdateCheck = 0700;
				LastUpgradeCheck = 0630;
				ORGANIZATIONNAME = duzhe;
				TargetAttributes = {
					2089E7541B9A036F00013F46 = {
						CreatedOnToolsVersion = 6.3.2;
					};
					2089E7691B9A036F00013F46 = {
						CreatedOnToolsVersion = 6.3.2;
						TestTargetID = 2089E7541B9A036F00013F46;
					};
				};
			};
			buildConfigurationList = 2089E7501B9A036F00013F46 /* Build configuration list for PBXProject "TableMenuView" */;
			compatibilityVersion = "Xcode 3.2";
			developmentRegion = English;
			hasScannedForEncodings = 0;
			knownRegions = (
				en,
				Base,
			);
			mainGroup = 2089E74C1B9A036F00013F46;
			productRefGroup = 2089E7561B9A036F00013F46 /* Products */;
			projectDirPath = "";
			projectRoot = "";
			targets = (
				2089E7541B9A036F00013F46 /* TableMenuView */,
				2089E7691B9A036F00013F46 /* TableMenuViewTests */,
			);
		};
/* End PBXProject section */

/* Begin PBXResourcesBuildPhase section */
		2089E7531B9A036F00013F46 /* Resources */ = {
			isa = PBXResourcesBuildPhase;
			buildActionMask = 2147483647;
			files = (
				2089E7601B9A036F00013F46 /* Main.storyboard in Resources */,
				2089E7651B9A036F00013F46 /* LaunchScreen.xib in Resources */,
				2089E7621B9A036F00013F46 /* Images.xcassets in Resources */,
			);
			runOnlyForDeploymentPostprocessing = 0;
		};
		2089E7681B9A036F00013F46 /* Resources */ = {
			isa = PBXResourcesBuildPhase;
			buildActionMask = 2147483647;
			files = (
			);
			runOnlyForDeploymentPostprocessing = 0;
		};
/* End PBXResourcesBuildPhase section */

/* Begin PBXSourcesBuildPhase section */
		2089E7511B9A036F00013F46 /* Sources */ = {
			isa = PBXSourcesBuildPhase;
			buildActionMask = 2147483647;
			files = (
				2089E75D1B9A036F00013F46 /* ViewController.swift in Sources */,
				2089E77B1B9A037D00013F46 /* TableMenuView.swift in Sources */,
				2089E75B1B9A036F00013F46 /* AppDelegate.swift in Sources */,
			);
			runOnlyForDeploymentPostprocessing = 0;
		};
		2089E7661B9A036F00013F46 /* Sources */ = {
			isa = PBXSourcesBuildPhase;
			buildActionMask = 2147483647;
			files = (
				2089E7711B9A036F00013F46 /* TableMenuViewTests.swift in Sources */,
			);
			runOnlyForDeploymentPostprocessing = 0;
		};
/* End PBXSourcesBuildPhase section */

/* Begin PBXTargetDependency section */
		2089E76C1B9A036F00013F46 /* PBXTargetDependency */ = {
			isa = PBXTargetDependency;
			target = 2089E7541B9A036F00013F46 /* TableMenuView */;
			targetProxy = 2089E76B1B9A036F00013F46 /* PBXContainerItemProxy */;
		};
/* End PBXTargetDependency section */

/* Begin PBXVariantGroup section */
		2089E75E1B9A036F00013F46 /* Main.storyboard */ = {
			isa = PBXVariantGroup;
			children = (
				2089E75F1B9A036F00013F46 /* Base */,
			);
			name = Main.storyboard;
			sourceTree = "<group>";
		};
		2089E7631B9A036F00013F46 /* LaunchScreen.xib */ = {
			isa = PBXVariantGroup;
			children = (
				2089E7641B9A036F00013F46 /* Base */,
			);
			name = LaunchScreen.xib;
			sourceTree = "<group>";
		};
/* End PBXVariantGroup section */

/* Begin XCBuildConfiguration section */
		2089E7721B9A036F00013F46 /* Debug */ = {
			isa = XCBuildConfiguration;
			buildSettings = {
				ALWAYS_SEARCH_USER_PATHS = NO;
				CLANG_CXX_LANGUAGE_STANDARD = "gnu++0x";
				CLANG_CXX_LIBRARY = "libc++";
				CLANG_ENABLE_MODULES = YES;
				CLANG_ENABLE_OBJC_ARC = YES;
				CLANG_WARN_BOOL_CONVERSION = YES;
				CLANG_WARN_CONSTANT_CONVERSION = YES;
				CLANG_WARN_DIRECT_OBJC_ISA_USAGE = YES_ERROR;
				CLANG_WARN_EMPTY_BODY = YES;
				CLANG_WARN_ENUM_CONVERSION = YES;
				CLANG_WARN_INT_CONVERSION = YES;
				CLANG_WARN_OBJC_ROOT_CLASS = YES_ERROR;
				CLANG_WARN_UNREACHABLE_CODE = YES;
				CLANG_WARN__DUPLICATE_METHOD_MATCH = YES;
				"CODE_SIGN_IDENTITY[sdk=iphoneos*]" = "iPhone Developer";
				COPY_PHASE_STRIP = NO;
				DEBUG_INFORMATION_FORMAT = "dwarf-with-dsym";
				ENABLE_STRICT_OBJC_MSGSEND = YES;
				GCC_C_LANGUAGE_STANDARD = gnu99;
				GCC_DYNAMIC_NO_PIC = NO;
				GCC_NO_COMMON_BLOCKS = YES;
				GCC_OPTIMIZATION_LEVEL = 0;
				GCC_PREPROCESSOR_DEFINITIONS = (
					"DEBUG=1",
					"$(inherited)",
				);
				GCC_SYMBOLS_PRIVATE_EXTERN = NO;
				GCC_WARN_64_TO_32_BIT_CONVERSION = YES;
				GCC_WARN_ABOUT_RETURN_TYPE = YES_ERROR;
				GCC_WARN_UNDECLARED_SELECTOR = YES;
				GCC_WARN_UNINITIALIZED_AUTOS = YES_AGGRESSIVE;
				GCC_WARN_UNUSED_FUNCTION = YES;
				GCC_WARN_UNUSED_VARIABLE = YES;
				IPHONEOS_DEPLOYMENT_TARGET = 8.3;
				MTL_ENABLE_DEBUG_INFO = YES;
				ONLY_ACTIVE_ARCH = YES;
				SDKROOT = iphoneos;
				SWIFT_OPTIMIZATION_LEVEL = "-Onone";
			};
			name = Debug;
		};
		2089E7731B9A036F00013F46 /* Release */ = {
			isa = XCBuildConfiguration;
			buildSettings = {
				ALWAYS_SEARCH_USER_PATHS = NO;
				CLANG_CXX_LANGUAGE_STANDARD = "gnu++0x";
				CLANG_CXX_LIBRARY = "libc++";
				CLANG_ENABLE_MODULES = YES;
				CLANG_ENABLE_OBJC_ARC = YES;
				CLANG_WARN_BOOL_CONVERSION = YES;
				CLANG_WARN_CONSTANT_CONVERSION = YES;
				CLANG_WARN_DIRECT_OBJC_ISA_USAGE = YES_ERROR;
				CLANG_WARN_EMPTY_BODY = YES;
				CLANG_WARN_ENUM_CONVERSION = YES;
				CLANG_WARN_INT_CONVERSION = YES;
				CLANG_WARN_OBJC_ROOT_CLASS = YES_ERROR;
				CLANG_WARN_UNREACHABLE_CODE = YES;
				CLANG_WARN__DUPLICATE_METHOD_MATCH = YES;
				"CODE_SIGN_IDENTITY[sdk=iphoneos*]" = "iPhone Developer";
				COPY_PHASE_STRIP = NO;
				DEBUG_INFORMATION_FORMAT = "dwarf-with-dsym";
				ENABLE_NS_ASSERTIONS = NO;
				ENABLE_STRICT_OBJC_MSGSEND = YES;
				GCC_C_LANGUAGE_STANDARD = gnu99;
				GCC_NO_COMMON_BLOCKS = YES;
				GCC_WARN_64_TO_32_BIT_CONVERSION = YES;
				GCC_WARN_ABOUT_RETURN_TYPE = YES_ERROR;
				GCC_WARN_UNDECLARED_SELECTOR = YES;
				GCC_WARN_UNINITIALIZED_AUTOS = YES_AGGRESSIVE;
				GCC_WARN_UNUSED_FUNCTION = YES;
				GCC_WARN_UNUSED_VARIABLE = YES;
				IPHONEOS_DEPLOYMENT_TARGET = 8.3;
				MTL_ENABLE_DEBUG_INFO = NO;
				SDKROOT = iphoneos;
				VALIDATE_PRODUCT = YES;
			};
			name = Release;
		};
		2089E7751B9A036F00013F46 /* Debug */ = {
			isa = XCBuildConfiguration;
			buildSettings = {
				ASSETCATALOG_COMPILER_APPICON_NAME = AppIcon;
				INFOPLIST_FILE = TableMenuView/Info.plist;
				LD_RUNPATH_SEARCH_PATHS = "$(inherited) @executable_path/Frameworks";
				PRODUCT_NAME = "$(TARGET_NAME)";
			};
			name = Debug;
		};
		2089E7761B9A036F00013F46 /* Release */ = {
			isa = XCBuildConfiguration;
			buildSettings = {
				ASSETCATALOG_COMPILER_APPICON_NAME = AppIcon;
				INFOPLIST_FILE = TableMenuView/Info.plist;
				LD_RUNPATH_SEARCH_PATHS = "$(inherited) @executable_path/Frameworks";
				PRODUCT_NAME = "$(TARGET_NAME)";
			};
			name = Release;
		};
		2089E7781B9A036F00013F46 /* Debug */ = {
			isa = XCBuildConfiguration;
			buildSettings = {
				BUNDLE_LOADER = "$(TEST_HOST)";
				FRAMEWORK_SEARCH_PATHS = (
					"$(SDKROOT)/Developer/Library/Frameworks",
					"$(inherited)",
				);
				GCC_PREPROCESSOR_DEFINITIONS = (
					"DEBUG=1",
					"$(inherited)",
				);
				INFOPLIST_FILE = TableMenuViewTests/Info.plist;
				LD_RUNPATH_SEARCH_PATHS = "$(inherited) @executable_path/Frameworks @loader_path/Frameworks";
				PRODUCT_NAME = "$(TARGET_NAME)";
				TEST_HOST = "$(BUILT_PRODUCTS_DIR)/TableMenuView.app/TableMenuView";
			};
			name = Debug;
		};
		2089E7791B9A036F00013F46 /* Release */ = {
			isa = XCBuildConfiguration;
			buildSettings = {
				BUNDLE_LOADER = "$(TEST_HOST)";
				FRAMEWORK_SEARCH_PATHS = (
					"$(SDKROOT)/Developer/Library/Frameworks",
					"$(inherited)",
				);
				INFOPLIST_FILE = TableMenuViewTests/Info.plist;
				LD_RUNPATH_SEARCH_PATHS = "$(inherited) @executable_path/Frameworks @loader_path/Frameworks";
				PRODUCT_NAME = "$(TARGET_NAME)";
				TEST_HOST = "$(BUILT_PRODUCTS_DIR)/TableMenuView.app/TableMenuView";
			};
			name = Release;
		};
/* End XCBuildConfiguration section */

/* Begin XCConfigurationList section */
		2089E7501B9A036F00013F46 /* Build configuration list for PBXProject "TableMenuView" */ = {
			isa = XCConfigurationList;
			buildConfigurations = (
				2089E7721B9A036F00013F46 /* Debug */,
				2089E7731B9A036F00013F46 /* Release */,
			);
			defaultConfigurationIsVisible = 0;
			defaultConfigurationName = Release;
		};
		2089E7741B9A036F00013F46 /* Build configuration list for PBXNativeTarget "TableMenuView" */ = {
			isa = XCConfigurationList;
			buildConfigurations = (
				2089E7751B9A036F00013F46 /* Debug */,
				2089E7761B9A036F00013F46 /* Release */,
			);
			defaultConfigurationIsVisible = 0;
			defaultConfigurationName = Release;
		};
		2089E7771B9A036F00013F46 /* Build configuration list for PBXNativeTarget "TableMenuViewTests" */ = {
			isa = XCConfigurationList;
			buildConfigurations = (
				2089E7781B9A036F00013F46 /* Debug */,
				2089E7791B9A036F00013F46 /* Release */,
			);
			defaultConfigurationIsVisible = 0;
			defaultConfigurationName = Release;
		};
/* End XCConfigurationList section */
	};
	rootObject = 2089E74D1B9A036F00013F46 /* Project object */;
}
