// !$*UTF8*$!
{
	archiveVersion = 1;
	classes = {
	};
	objectVersion = 46;
	objects = {

/* Begin PBXBuildFile section */
		209781C51BB177D700A05923 /* AppDelegate.swift in Sources */ = {isa = PBXBuildFile; fileRef = 209781C41BB177D700A05923 /* AppDelegate.swift */; };
		209781C71BB177D700A05923 /* ViewController.swift in Sources */ = {isa = PBXBuildFile; fileRef = 209781C61BB177D700A05923 /* ViewController.swift */; };
		209781CA1BB177D700A05923 /* Main.storyboard in Resources */ = {isa = PBXBuildFile; fileRef = 209781C81BB177D700A05923 /* Main.storyboard */; };
		209781CC1BB177D700A05923 /* Assets.xcassets in Resources */ = {isa = PBXBuildFile; fileRef = 209781CB1BB177D700A05923 /* Assets.xcassets */; };
		209781CF1BB177D700A05923 /* LaunchScreen.storyboard in Resources */ = {isa = PBXBuildFile; fileRef = 209781CD1BB177D700A05923 /* LaunchScreen.storyboard */; };
		209781DA1BB177D700A05923 /* AutoLayoutDemo1Tests.swift in Sources */ = {isa = PBXBuildFile; fileRef = 209781D91BB177D700A05923 /* AutoLayoutDemo1Tests.swift */; };
		209781E51BB177D700A05923 /* AutoLayoutDemo1UITests.swift in Sources */ = {isa = PBXBuildFile; fileRef = 209781E41BB177D700A05923 /* AutoLayoutDemo1UITests.swift */; };
/* End PBXBuildFile section */

/* Begin PBXContainerItemProxy section */
		209781D61BB177D700A05923 /* PBXContainerItemProxy */ = {
			isa = PBXContainerItemProxy;
			containerPortal = 209781B91BB177D700A05923 /* Project object */;
			proxyType = 1;
			remoteGlobalIDString = 209781C01BB177D700A05923;
			remoteInfo = AutoLayoutDemo1;
		};
		209781E11BB177D700A05923 /* PBXContainerItemProxy */ = {
			isa = PBXContainerItemProxy;
			containerPortal = 209781B91BB177D700A05923 /* Project object */;
			proxyType = 1;
			remoteGlobalIDString = 209781C01BB177D700A05923;
			remoteInfo = AutoLayoutDemo1;
		};
/* End PBXContainerItemProxy section */

/* Begin PBXFileReference section */
		209781C11BB177D700A05923 /* AutoLayoutDemo1.app */ = {isa = PBXFileReference; explicitFileType = wrapper.application; includeInIndex = 0; path = AutoLayoutDemo1.app; sourceTree = BUILT_PRODUCTS_DIR; };
		209781C41BB177D700A05923 /* AppDelegate.swift */ = {isa = PBXFileReference; lastKnownFileType = sourcecode.swift; path = AppDelegate.swift; sourceTree = "<group>"; };
		209781C61BB177D700A05923 /* ViewController.swift */ = {isa = PBXFileReference; lastKnownFileType = sourcecode.swift; path = ViewController.swift; sourceTree = "<group>"; };
		209781C91BB177D700A05923 /* Base */ = {isa = PBXFileReference; lastKnownFileType = file.storyboard; name = Base; path = Base.lproj/Main.storyboard; sourceTree = "<group>"; };
		209781CB1BB177D700A05923 /* Assets.xcassets */ = {isa = PBXFileReference; lastKnownFileType = folder.assetcatalog; path = Assets.xcassets; sourceTree = "<group>"; };
		209781CE1BB177D700A05923 /* Base */ = {isa = PBXFileReference; lastKnownFileType = file.storyboard; name = Base; path = Base.lproj/LaunchScreen.storyboard; sourceTree = "<group>"; };
		209781D01BB177D700A05923 /* Info.plist */ = {isa = PBXFileReference; lastKnownFileType = text.plist.xml; path = Info.plist; sourceTree = "<group>"; };
		209781D51BB177D700A05923 /* AutoLayoutDemo1Tests.xctest */ = {isa = PBXFileReference; explicitFileType = wrapper.cfbundle; includeInIndex = 0; path = AutoLayoutDemo1Tests.xctest; sourceTree = BUILT_PRODUCTS_DIR; };
		209781D91BB177D700A05923 /* AutoLayoutDemo1Tests.swift */ = {isa = PBXFileReference; lastKnownFileType = sourcecode.swift; path = AutoLayoutDemo1Tests.swift; sourceTree = "<group>"; };
		209781DB1BB177D700A05923 /* Info.plist */ = {isa = PBXFileReference; lastKnownFileType = text.plist.xml; path = Info.plist; sourceTree = "<group>"; };
		209781E01BB177D700A05923 /* AutoLayoutDemo1UITests.xctest */ = {isa = PBXFileReference; explicitFileType = wrapper.cfbundle; includeInIndex = 0; path = AutoLayoutDemo1UITests.xctest; sourceTree = BUILT_PRODUCTS_DIR; };
		209781E41BB177D700A05923 /* AutoLayoutDemo1UITests.swift */ = {isa = PBXFileReference; lastKnownFileType = sourcecode.swift; path = AutoLayoutDemo1UITests.swift; sourceTree = "<group>"; };
		209781E61BB177D700A05923 /* Info.plist */ = {isa = PBXFileReference; lastKnownFileType = text.plist.xml; path = Info.plist; sourceTree = "<group>"; };
/* End PBXFileReference section */

/* Begin PBXFrameworksBuildPhase section */
		209781BE1BB177D700A05923 /* Frameworks */ = {
			isa = PBXFrameworksBuildPhase;
			buildActionMask = 2147483647;
			files = (
			);
			runOnlyForDeploymentPostprocessing = 0;
		};
		209781D21BB177D700A05923 /* Frameworks */ = {
			isa = PBXFrameworksBuildPhase;
			buildActionMask = 2147483647;
			files = (
			);
			runOnlyForDeploymentPostprocessing = 0;
		};
		209781DD1BB177D700A05923 /* Frameworks */ = {
			isa = PBXFrameworksBuildPhase;
			buildActionMask = 2147483647;
			files = (
			);
			runOnlyForDeploymentPostprocessing = 0;
		};
/* End PBXFrameworksBuildPhase section */

/* Begin PBXGroup section */
		209781B81BB177D700A05923 = {
			isa = PBXGroup;
			children = (
				209781C31BB177D700A05923 /* AutoLayoutDemo1 */,
				209781D81BB177D700A05923 /* AutoLayoutDemo1Tests */,
				209781E31BB177D700A05923 /* AutoLayoutDemo1UITests */,
				209781C21BB177D700A05923 /* Products */,
			);
			sourceTree = "<group>";
		};
		209781C21BB177D700A05923 /* Products */ = {
			isa = PBXGroup;
			children = (
				209781C11BB177D700A05923 /* AutoLayoutDemo1.app */,
				209781D51BB177D700A05923 /* AutoLayoutDemo1Tests.xctest */,
				209781E01BB177D700A05923 /* AutoLayoutDemo1UITests.xctest */,
			);
			name = Products;
			sourceTree = "<group>";
		};
		209781C31BB177D700A05923 /* AutoLayoutDemo1 */ = {
			isa = PBXGroup;
			children = (
				209781C41BB177D700A05923 /* AppDelegate.swift */,
				209781C61BB177D700A05923 /* ViewController.swift */,
				209781C81BB177D700A05923 /* Main.storyboard */,
				209781CB1BB177D700A05923 /* Assets.xcassets */,
				209781CD1BB177D700A05923 /* LaunchScreen.storyboard */,
				209781D01BB177D700A05923 /* Info.plist */,
			);
			path = AutoLayoutDemo1;
			sourceTree = "<group>";
		};
		209781D81BB177D700A05923 /* AutoLayoutDemo1Tests */ = {
			isa = PBXGroup;
			children = (
				209781D91BB177D700A05923 /* AutoLayoutDemo1Tests.swift */,
				209781DB1BB177D700A05923 /* Info.plist */,
			);
			path = AutoLayoutDemo1Tests;
			sourceTree = "<group>";
		};
		209781E31BB177D700A05923 /* AutoLayoutDemo1UITests */ = {
			isa = PBXGroup;
			children = (
				209781E41BB177D700A05923 /* AutoLayoutDemo1UITests.swift */,
				209781E61BB177D700A05923 /* Info.plist */,
			);
			path = AutoLayoutDemo1UITests;
			sourceTree = "<group>";
		};
/* End PBXGroup section */

/* Begin PBXNativeTarget section */
		209781C01BB177D700A05923 /* AutoLayoutDemo1 */ = {
			isa = PBXNativeTarget;
			buildConfigurationList = 209781E91BB177D700A05923 /* Build configuration list for PBXNativeTarget "AutoLayoutDemo1" */;
			buildPhases = (
				209781BD1BB177D700A05923 /* Sources */,
				209781BE1BB177D700A05923 /* Frameworks */,
				209781BF1BB177D700A05923 /* Resources */,
			);
			buildRules = (
			);
			dependencies = (
			);
			name = AutoLayoutDemo1;
			productName = AutoLayoutDemo1;
			productReference = 209781C11BB177D700A05923 /* AutoLayoutDemo1.app */;
			productType = "com.apple.product-type.application";
		};
		209781D41BB177D700A05923 /* AutoLayoutDemo1Tests */ = {
			isa = PBXNativeTarget;
			buildConfigurationList = 209781EC1BB177D700A05923 /* Build configuration list for PBXNativeTarget "AutoLayoutDemo1Tests" */;
			buildPhases = (
				209781D11BB177D700A05923 /* Sources */,
				209781D21BB177D700A05923 /* Frameworks */,
				209781D31BB177D700A05923 /* Resources */,
			);
			buildRules = (
			);
			dependencies = (
				209781D71BB177D700A05923 /* PBXTargetDependency */,
			);
			name = AutoLayoutDemo1Tests;
			productName = AutoLayoutDemo1Tests;
			productReference = 209781D51BB177D700A05923 /* AutoLayoutDemo1Tests.xctest */;
			productType = "com.apple.product-type.bundle.unit-test";
		};
		209781DF1BB177D700A05923 /* AutoLayoutDemo1UITests */ = {
			isa = PBXNativeTarget;
			buildConfigurationList = 209781EF1BB177D700A05923 /* Build configuration list for PBXNativeTarget "AutoLayoutDemo1UITests" */;
			buildPhases = (
				209781DC1BB177D700A05923 /* Sources */,
				209781DD1BB177D700A05923 /* Frameworks */,
				209781DE1BB177D700A05923 /* Resources */,
			);
			buildRules = (
			);
			dependencies = (
				209781E21BB177D700A05923 /* PBXTargetDependency */,
			);
			name = AutoLayoutDemo1UITests;
			productName = AutoLayoutDemo1UITests;
			productReference = 209781E01BB177D700A05923 /* AutoLayoutDemo1UITests.xctest */;
			productType = "com.apple.product-type.bundle.ui-testing";
		};
/* End PBXNativeTarget section */

/* Begin PBXProject section */
		209781B91BB177D700A05923 /* Project object */ = {
			isa = PBXProject;
			attributes = {
				LastUpgradeCheck = 0700;
				ORGANIZATIONNAME = duzhe;
				TargetAttributes = {
					209781C01BB177D700A05923 = {
						CreatedOnToolsVersion = 7.0;
						DevelopmentTeam = ZNRTL68XQ3;
					};
					209781D41BB177D700A05923 = {
						CreatedOnToolsVersion = 7.0;
						TestTargetID = 209781C01BB177D700A05923;
					};
					209781DF1BB177D700A05923 = {
						CreatedOnToolsVersion = 7.0;
						TestTargetID = 209781C01BB177D700A05923;
					};
				};
			};
			buildConfigurationList = 209781BC1BB177D700A05923 /* Build configuration list for PBXProject "AutoLayoutDemo1" */;
			compatibilityVersion = "Xcode 3.2";
			developmentRegion = English;
			hasScannedForEncodings = 0;
			knownRegions = (
				en,
				Base,
			);
			mainGroup = 209781B81BB177D700A05923;
			productRefGroup = 209781C21BB177D700A05923 /* Products */;
			projectDirPath = "";
			projectRoot = "";
			targets = (
				209781C01BB177D700A05923 /* AutoLayoutDemo1 */,
				209781D41BB177D700A05923 /* AutoLayoutDemo1Tests */,
				209781DF1BB177D700A05923 /* AutoLayoutDemo1UITests */,
			);
		};
/* End PBXProject section */

/* Begin PBXResourcesBuildPhase section */
		209781BF1BB177D700A05923 /* Resources */ = {
			isa = PBXResourcesBuildPhase;
			buildActionMask = 2147483647;
			files = (
				209781CF1BB177D700A05923 /* LaunchScreen.storyboard in Resources */,
				209781CC1BB177D700A05923 /* Assets.xcassets in Resources */,
				209781CA1BB177D700A05923 /* Main.storyboard in Resources */,
			);
			runOnlyForDeploymentPostprocessing = 0;
		};
		209781D31BB177D700A05923 /* Resources */ = {
			isa = PBXResourcesBuildPhase;
			buildActionMask = 2147483647;
			files = (
			);
			runOnlyForDeploymentPostprocessing = 0;
		};
		209781DE1BB177D700A05923 /* Resources */ = {
			isa = PBXResourcesBuildPhase;
			buildActionMask = 2147483647;
			files = (
			);
			runOnlyForDeploymentPostprocessing = 0;
		};
/* End PBXResourcesBuildPhase section */

/* Begin PBXSourcesBuildPhase section */
		209781BD1BB177D700A05923 /* Sources */ = {
			isa = PBXSourcesBuildPhase;
			buildActionMask = 2147483647;
			files = (
				209781C71BB177D700A05923 /* ViewController.swift in Sources */,
				209781C51BB177D700A05923 /* AppDelegate.swift in Sources */,
			);
			runOnlyForDeploymentPostprocessing = 0;
		};
		209781D11BB177D700A05923 /* Sources */ = {
			isa = PBXSourcesBuildPhase;
			buildActionMask = 2147483647;
			files = (
				209781DA1BB177D700A05923 /* AutoLayoutDemo1Tests.swift in Sources */,
			);
			runOnlyForDeploymentPostprocessing = 0;
		};
		209781DC1BB177D700A05923 /* Sources */ = {
			isa = PBXSourcesBuildPhase;
			buildActionMask = 2147483647;
			files = (
				209781E51BB177D700A05923 /* AutoLayoutDemo1UITests.swift in Sources */,
			);
			runOnlyForDeploymentPostprocessing = 0;
		};
/* End PBXSourcesBuildPhase section */

/* Begin PBXTargetDependency section */
		209781D71BB177D700A05923 /* PBXTargetDependency */ = {
			isa = PBXTargetDependency;
			target = 209781C01BB177D700A05923 /* AutoLayoutDemo1 */;
			targetProxy = 209781D61BB177D700A05923 /* PBXContainerItemProxy */;
		};
		209781E21BB177D700A05923 /* PBXTargetDependency */ = {
			isa = PBXTargetDependency;
			target = 209781C01BB177D700A05923 /* AutoLayoutDemo1 */;
			targetProxy = 209781E11BB177D700A05923 /* PBXContainerItemProxy */;
		};
/* End PBXTargetDependency section */

/* Begin PBXVariantGroup section */
		209781C81BB177D700A05923 /* Main.storyboard */ = {
			isa = PBXVariantGroup;
			children = (
				209781C91BB177D700A05923 /* Base */,
			);
			name = Main.storyboard;
			sourceTree = "<group>";
		};
		209781CD1BB177D700A05923 /* LaunchScreen.storyboard */ = {
			isa = PBXVariantGroup;
			children = (
				209781CE1BB177D700A05923 /* Base */,
			);
			name = LaunchScreen.storyboard;
			sourceTree = "<group>";
		};
/* End PBXVariantGroup section */

/* Begin XCBuildConfiguration section */
		209781E71BB177D700A05923 /* Debug */ = {
			isa = XCBuildConfiguration;
			buildSettings = {
				ALWAYS_SEARCH_USER_PATHS = NO;
				CLANG_CXX_LANGUAGE_STANDARD = "gnu++0x";
				CLANG_CXX_LIBRARY = "libc++";
				CLANG_ENABLE_MODULES = YES;
				CLANG_ENABLE_OBJC_ARC = YES;
				CLANG_WARN_BOOL_CONVERSION = YES;
				CLANG_WARN_CONSTANT_CONVERSION = YES;
				CLANG_WARN_DIRECT_OBJC_ISA_USAGE = YES_ERROR;
				CLANG_WARN_EMPTY_BODY = YES;
				CLANG_WARN_ENUM_CONVERSION = YES;
				CLANG_WARN_INT_CONVERSION = YES;
				CLANG_WARN_OBJC_ROOT_CLASS = YES_ERROR;
				CLANG_WARN_UNREACHABLE_CODE = YES;
				CLANG_WARN__DUPLICATE_METHOD_MATCH = YES;
				"CODE_SIGN_IDENTITY[sdk=iphoneos*]" = "iPhone Developer";
				COPY_PHASE_STRIP = NO;
				DEBUG_INFORMATION_FORMAT = dwarf;
				ENABLE_STRICT_OBJC_MSGSEND = YES;
				ENABLE_TESTABILITY = YES;
				GCC_C_LANGUAGE_STANDARD = gnu99;
				GCC_DYNAMIC_NO_PIC = NO;
				GCC_NO_COMMON_BLOCKS = YES;
				GCC_OPTIMIZATION_LEVEL = 0;
				GCC_PREPROCESSOR_DEFINITIONS = (
					"DEBUG=1",
					"$(inherited)",
				);
				GCC_WARN_64_TO_32_BIT_CONVERSION = YES;
				GCC_WARN_ABOUT_RETURN_TYPE = YES_ERROR;
				GCC_WARN_UNDECLARED_SELECTOR = YES;
				GCC_WARN_UNINITIALIZED_AUTOS = YES_AGGRESSIVE;
				GCC_WARN_UNUSED_FUNCTION = YES;
				GCC_WARN_UNUSED_VARIABLE = YES;
				IPHONEOS_DEPLOYMENT_TARGET = 9.0;
				MTL_ENABLE_DEBUG_INFO = YES;
				ONLY_ACTIVE_ARCH = YES;
				SDKROOT = iphoneos;
				SWIFT_OPTIMIZATION_LEVEL = "-Onone";
			};
			name = Debug;
		};
		209781E81BB177D700A05923 /* Release */ = {
			isa = XCBuildConfiguration;
			buildSettings = {
				ALWAYS_SEARCH_USER_PATHS = NO;
				CLANG_CXX_LANGUAGE_STANDARD = "gnu++0x";
				CLANG_CXX_LIBRARY = "libc++";
				CLANG_ENABLE_MODULES = YES;
				CLANG_ENABLE_OBJC_ARC = YES;
				CLANG_WARN_BOOL_CONVERSION = YES;
				CLANG_WARN_CONSTANT_CONVERSION = YES;
				CLANG_WARN_DIRECT_OBJC_ISA_USAGE = YES_ERROR;
				CLANG_WARN_EMPTY_BODY = YES;
				CLANG_WARN_ENUM_CONVERSION = YES;
				CLANG_WARN_INT_CONVERSION = YES;
				CLANG_WARN_OBJC_ROOT_CLASS = YES_ERROR;
				CLANG_WARN_UNREACHABLE_CODE = YES;
				CLANG_WARN__DUPLICATE_METHOD_MATCH = YES;
				"CODE_SIGN_IDENTITY[sdk=iphoneos*]" = "iPhone Developer";
				COPY_PHASE_STRIP = NO;
				DEBUG_INFORMATION_FORMAT = "dwarf-with-dsym";
				ENABLE_NS_ASSERTIONS = NO;
				ENABLE_STRICT_OBJC_MSGSEND = YES;
				GCC_C_LANGUAGE_STANDARD = gnu99;
				GCC_NO_COMMON_BLOCKS = YES;
				GCC_WARN_64_TO_32_BIT_CONVERSION = YES;
				GCC_WARN_ABOUT_RETURN_TYPE = YES_ERROR;
				GCC_WARN_UNDECLARED_SELECTOR = YES;
				GCC_WARN_UNINITIALIZED_AUTOS = YES_AGGRESSIVE;
				GCC_WARN_UNUSED_FUNCTION = YES;
				GCC_WARN_UNUSED_VARIABLE = YES;
				IPHONEOS_DEPLOYMENT_TARGET = 9.0;
				MTL_ENABLE_DEBUG_INFO = NO;
				SDKROOT = iphoneos;
				VALIDATE_PRODUCT = YES;
			};
			name = Release;
		};
		209781EA1BB177D700A05923 /* Debug */ = {
			isa = XCBuildConfiguration;
			buildSettings = {
				ASSETCATALOG_COMPILER_APPICON_NAME = AppIcon;
				CODE_SIGN_IDENTITY = "iPhone Developer";
				INFOPLIST_FILE = AutoLayoutDemo1/Info.plist;
				LD_RUNPATH_SEARCH_PATHS = "$(inherited) @executable_path/Frameworks";
				PRODUCT_BUNDLE_IDENTIFIER = dz.org.AutoLayoutDemo1;
				PRODUCT_NAME = "$(TARGET_NAME)";
			};
			name = Debug;
		};
		209781EB1BB177D700A05923 /* Release */ = {
			isa = XCBuildConfiguration;
			buildSettings = {
				ASSETCATALOG_COMPILER_APPICON_NAME = AppIcon;
				CODE_SIGN_IDENTITY = "iPhone Developer";
				INFOPLIST_FILE = AutoLayoutDemo1/Info.plist;
				LD_RUNPATH_SEARCH_PATHS = "$(inherited) @executable_path/Frameworks";
				PRODUCT_BUNDLE_IDENTIFIER = dz.org.AutoLayoutDemo1;
				PRODUCT_NAME = "$(TARGET_NAME)";
			};
			name = Release;
		};
		209781ED1BB177D700A05923 /* Debug */ = {
			isa = XCBuildConfiguration;
			buildSettings = {
				BUNDLE_LOADER = "$(TEST_HOST)";
				INFOPLIST_FILE = AutoLayoutDemo1Tests/Info.plist;
				LD_RUNPATH_SEARCH_PATHS = "$(inherited) @executable_path/Frameworks @loader_path/Frameworks";
				PRODUCT_BUNDLE_IDENTIFIER = dz.org.AutoLayoutDemo1Tests;
				PRODUCT_NAME = "$(TARGET_NAME)";
				TEST_HOST = "$(BUILT_PRODUCTS_DIR)/AutoLayoutDemo1.app/AutoLayoutDemo1";
			};
			name = Debug;
		};
		209781EE1BB177D700A05923 /* Release */ = {
			isa = XCBuildConfiguration;
			buildSettings = {
				BUNDLE_LOADER = "$(TEST_HOST)";
				INFOPLIST_FILE = AutoLayoutDemo1Tests/Info.plist;
				LD_RUNPATH_SEARCH_PATHS = "$(inherited) @executable_path/Frameworks @loader_path/Frameworks";
				PRODUCT_BUNDLE_IDENTIFIER = dz.org.AutoLayoutDemo1Tests;
				PRODUCT_NAME = "$(TARGET_NAME)";
				TEST_HOST = "$(BUILT_PRODUCTS_DIR)/AutoLayoutDemo1.app/AutoLayoutDemo1";
			};
			name = Release;
		};
		209781F01BB177D700A05923 /* Debug */ = {
			isa = XCBuildConfiguration;
			buildSettings = {
				INFOPLIST_FILE = AutoLayoutDemo1UITests/Info.plist;
				LD_RUNPATH_SEARCH_PATHS = "$(inherited) @executable_path/Frameworks @loader_path/Frameworks";
				PRODUCT_BUNDLE_IDENTIFIER = dz.org.AutoLayoutDemo1UITests;
				PRODUCT_NAME = "$(TARGET_NAME)";
				TEST_TARGET_NAME = AutoLayoutDemo1;
				USES_XCTRUNNER = YES;
			};
			name = Debug;
		};
		209781F11BB177D700A05923 /* Release */ = {
			isa = XCBuildConfiguration;
			buildSettings = {
				INFOPLIST_FILE = AutoLayoutDemo1UITests/Info.plist;
				LD_RUNPATH_SEARCH_PATHS = "$(inherited) @executable_path/Frameworks @loader_path/Frameworks";
				PRODUCT_BUNDLE_IDENTIFIER = dz.org.AutoLayoutDemo1UITests;
				PRODUCT_NAME = "$(TARGET_NAME)";
				TEST_TARGET_NAME = AutoLayoutDemo1;
				USES_XCTRUNNER = YES;
			};
			name = Release;
		};
/* End XCBuildConfiguration section */

/* Begin XCConfigurationList section */
		209781BC1BB177D700A05923 /* Build configuration list for PBXProject "AutoLayoutDemo1" */ = {
			isa = XCConfigurationList;
			buildConfigurations = (
				209781E71BB177D700A05923 /* Debug */,
				209781E81BB177D700A05923 /* Release */,
			);
			defaultConfigurationIsVisible = 0;
			defaultConfigurationName = Release;
		};
		209781E91BB177D700A05923 /* Build configuration list for PBXNativeTarget "AutoLayoutDemo1" */ = {
			isa = XCConfigurationList;
			buildConfigurations = (
				209781EA1BB177D700A05923 /* Debug */,
				209781EB1BB177D700A05923 /* Release */,
			);
			defaultConfigurationIsVisible = 0;
		};
		209781EC1BB177D700A05923 /* Build configuration list for PBXNativeTarget "AutoLayoutDemo1Tests" */ = {
			isa = XCConfigurationList;
			buildConfigurations = (
				209781ED1BB177D700A05923 /* Debug */,
				209781EE1BB177D700A05923 /* Release */,
			);
			defaultConfigurationIsVisible = 0;
		};
		209781EF1BB177D700A05923 /* Build configuration list for PBXNativeTarget "AutoLayoutDemo1UITests" */ = {
			isa = XCConfigurationList;
			buildConfigurations = (
				209781F01BB177D700A05923 /* Debug */,
				209781F11BB177D700A05923 /* Release */,
			);
			defaultConfigurationIsVisible = 0;
		};
/* End XCConfigurationList section */
	};
	rootObject = 209781B91BB177D700A05923 /* Project object */;
}
