// !$*UTF8*$!
{
	archiveVersion = 1;
	classes = {
	};
	objectVersion = 46;
	objects = {

/* Begin PBXBuildFile section */
		202A89D51B9F1D3600BFD243 /* AppDelegate.swift in Sources */ = {isa = PBXBuildFile; fileRef = 202A89D41B9F1D3600BFD243 /* AppDelegate.swift */; };
		202A89D71B9F1D3600BFD243 /* ViewController.swift in Sources */ = {isa = PBXBuildFile; fileRef = 202A89D61B9F1D3600BFD243 /* ViewController.swift */; };
		202A89DA1B9F1D3600BFD243 /* Main.storyboard in Resources */ = {isa = PBXBuildFile; fileRef = 202A89D81B9F1D3600BFD243 /* Main.storyboard */; };
		202A89DC1B9F1D3600BFD243 /* Assets.xcassets in Resources */ = {isa = PBXBuildFile; fileRef = 202A89DB1B9F1D3600BFD243 /* Assets.xcassets */; };
		202A89DF1B9F1D3600BFD243 /* LaunchScreen.storyboard in Resources */ = {isa = PBXBuildFile; fileRef = 202A89DD1B9F1D3600BFD243 /* LaunchScreen.storyboard */; };
		202A89EA1B9F1D3600BFD243 /* AnimationDemo3Tests.swift in Sources */ = {isa = PBXBuildFile; fileRef = 202A89E91B9F1D3600BFD243 /* AnimationDemo3Tests.swift */; };
		202A89F51B9F1D3600BFD243 /* AnimationDemo3UITests.swift in Sources */ = {isa = PBXBuildFile; fileRef = 202A89F41B9F1D3600BFD243 /* AnimationDemo3UITests.swift */; };
/* End PBXBuildFile section */

/* Begin PBXContainerItemProxy section */
		202A89E61B9F1D3600BFD243 /* PBXContainerItemProxy */ = {
			isa = PBXContainerItemProxy;
			containerPortal = 202A89C91B9F1D3600BFD243 /* Project object */;
			proxyType = 1;
			remoteGlobalIDString = 202A89D01B9F1D3600BFD243;
			remoteInfo = AnimationDemo3;
		};
		202A89F11B9F1D3600BFD243 /* PBXContainerItemProxy */ = {
			isa = PBXContainerItemProxy;
			containerPortal = 202A89C91B9F1D3600BFD243 /* Project object */;
			proxyType = 1;
			remoteGlobalIDString = 202A89D01B9F1D3600BFD243;
			remoteInfo = AnimationDemo3;
		};
/* End PBXContainerItemProxy section */

/* Begin PBXFileReference section */
		202A89D11B9F1D3600BFD243 /* AnimationDemo3.app */ = {isa = PBXFileReference; explicitFileType = wrapper.application; includeInIndex = 0; path = AnimationDemo3.app; sourceTree = BUILT_PRODUCTS_DIR; };
		202A89D41B9F1D3600BFD243 /* AppDelegate.swift */ = {isa = PBXFileReference; lastKnownFileType = sourcecode.swift; path = AppDelegate.swift; sourceTree = "<group>"; };
		202A89D61B9F1D3600BFD243 /* ViewController.swift */ = {isa = PBXFileReference; lastKnownFileType = sourcecode.swift; path = ViewController.swift; sourceTree = "<group>"; };
		202A89D91B9F1D3600BFD243 /* Base */ = {isa = PBXFileReference; lastKnownFileType = file.storyboard; name = Base; path = Base.lproj/Main.storyboard; sourceTree = "<group>"; };
		202A89DB1B9F1D3600BFD243 /* Assets.xcassets */ = {isa = PBXFileReference; lastKnownFileType = folder.assetcatalog; path = Assets.xcassets; sourceTree = "<group>"; };
		202A89DE1B9F1D3600BFD243 /* Base */ = {isa = PBXFileReference; lastKnownFileType = file.storyboard; name = Base; path = Base.lproj/LaunchScreen.storyboard; sourceTree = "<group>"; };
		202A89E01B9F1D3600BFD243 /* Info.plist */ = {isa = PBXFileReference; lastKnownFileType = text.plist.xml; path = Info.plist; sourceTree = "<group>"; };
		202A89E51B9F1D3600BFD243 /* AnimationDemo3Tests.xctest */ = {isa = PBXFileReference; explicitFileType = wrapper.cfbundle; includeInIndex = 0; path = AnimationDemo3Tests.xctest; sourceTree = BUILT_PRODUCTS_DIR; };
		202A89E91B9F1D3600BFD243 /* AnimationDemo3Tests.swift */ = {isa = PBXFileReference; lastKnownFileType = sourcecode.swift; path = AnimationDemo3Tests.swift; sourceTree = "<group>"; };
		202A89EB1B9F1D3600BFD243 /* Info.plist */ = {isa = PBXFileReference; lastKnownFileType = text.plist.xml; path = Info.plist; sourceTree = "<group>"; };
		202A89F01B9F1D3600BFD243 /* AnimationDemo3UITests.xctest */ = {isa = PBXFileReference; explicitFileType = wrapper.cfbundle; includeInIndex = 0; path = AnimationDemo3UITests.xctest; sourceTree = BUILT_PRODUCTS_DIR; };
		202A89F41B9F1D3600BFD243 /* AnimationDemo3UITests.swift */ = {isa = PBXFileReference; lastKnownFileType = sourcecode.swift; path = AnimationDemo3UITests.swift; sourceTree = "<group>"; };
		202A89F61B9F1D3600BFD243 /* Info.plist */ = {isa = PBXFileReference; lastKnownFileType = text.plist.xml; path = Info.plist; sourceTree = "<group>"; };
/* End PBXFileReference section */

/* Begin PBXFrameworksBuildPhase section */
		202A89CE1B9F1D3600BFD243 /* Frameworks */ = {
			isa = PBXFrameworksBuildPhase;
			buildActionMask = 2147483647;
			files = (
			);
			runOnlyForDeploymentPostprocessing = 0;
		};
		202A89E21B9F1D3600BFD243 /* Frameworks */ = {
			isa = PBXFrameworksBuildPhase;
			buildActionMask = 2147483647;
			files = (
			);
			runOnlyForDeploymentPostprocessing = 0;
		};
		202A89ED1B9F1D3600BFD243 /* Frameworks */ = {
			isa = PBXFrameworksBuildPhase;
			buildActionMask = 2147483647;
			files = (
			);
			runOnlyForDeploymentPostprocessing = 0;
		};
/* End PBXFrameworksBuildPhase section */

/* Begin PBXGroup section */
		202A89C81B9F1D3600BFD243 = {
			isa = PBXGroup;
			children = (
				202A89D31B9F1D3600BFD243 /* AnimationDemo3 */,
				202A89E81B9F1D3600BFD243 /* AnimationDemo3Tests */,
				202A89F31B9F1D3600BFD243 /* AnimationDemo3UITests */,
				202A89D21B9F1D3600BFD243 /* Products */,
			);
			sourceTree = "<group>";
		};
		202A89D21B9F1D3600BFD243 /* Products */ = {
			isa = PBXGroup;
			children = (
				202A89D11B9F1D3600BFD243 /* AnimationDemo3.app */,
				202A89E51B9F1D3600BFD243 /* AnimationDemo3Tests.xctest */,
				202A89F01B9F1D3600BFD243 /* AnimationDemo3UITests.xctest */,
			);
			name = Products;
			sourceTree = "<group>";
		};
		202A89D31B9F1D3600BFD243 /* AnimationDemo3 */ = {
			isa = PBXGroup;
			children = (
				202A89D41B9F1D3600BFD243 /* AppDelegate.swift */,
				202A89D61B9F1D3600BFD243 /* ViewController.swift */,
				202A89D81B9F1D3600BFD243 /* Main.storyboard */,
				202A89DB1B9F1D3600BFD243 /* Assets.xcassets */,
				202A89DD1B9F1D3600BFD243 /* LaunchScreen.storyboard */,
				202A89E01B9F1D3600BFD243 /* Info.plist */,
			);
			path = AnimationDemo3;
			sourceTree = "<group>";
		};
		202A89E81B9F1D3600BFD243 /* AnimationDemo3Tests */ = {
			isa = PBXGroup;
			children = (
				202A89E91B9F1D3600BFD243 /* AnimationDemo3Tests.swift */,
				202A89EB1B9F1D3600BFD243 /* Info.plist */,
			);
			path = AnimationDemo3Tests;
			sourceTree = "<group>";
		};
		202A89F31B9F1D3600BFD243 /* AnimationDemo3UITests */ = {
			isa = PBXGroup;
			children = (
				202A89F41B9F1D3600BFD243 /* AnimationDemo3UITests.swift */,
				202A89F61B9F1D3600BFD243 /* Info.plist */,
			);
			path = AnimationDemo3UITests;
			sourceTree = "<group>";
		};
/* End PBXGroup section */

/* Begin PBXNativeTarget section */
		202A89D01B9F1D3600BFD243 /* AnimationDemo3 */ = {
			isa = PBXNativeTarget;
			buildConfigurationList = 202A89F91B9F1D3600BFD243 /* Build configuration list for PBXNativeTarget "AnimationDemo3" */;
			buildPhases = (
				202A89CD1B9F1D3600BFD243 /* Sources */,
				202A89CE1B9F1D3600BFD243 /* Frameworks */,
				202A89CF1B9F1D3600BFD243 /* Resources */,
			);
			buildRules = (
			);
			dependencies = (
			);
			name = AnimationDemo3;
			productName = AnimationDemo3;
			productReference = 202A89D11B9F1D3600BFD243 /* AnimationDemo3.app */;
			productType = "com.apple.product-type.application";
		};
		202A89E41B9F1D3600BFD243 /* AnimationDemo3Tests */ = {
			isa = PBXNativeTarget;
			buildConfigurationList = 202A89FC1B9F1D3600BFD243 /* Build configuration list for PBXNativeTarget "AnimationDemo3Tests" */;
			buildPhases = (
				202A89E11B9F1D3600BFD243 /* Sources */,
				202A89E21B9F1D3600BFD243 /* Frameworks */,
				202A89E31B9F1D3600BFD243 /* Resources */,
			);
			buildRules = (
			);
			dependencies = (
				202A89E71B9F1D3600BFD243 /* PBXTargetDependency */,
			);
			name = AnimationDemo3Tests;
			productName = AnimationDemo3Tests;
			productReference = 202A89E51B9F1D3600BFD243 /* AnimationDemo3Tests.xctest */;
			productType = "com.apple.product-type.bundle.unit-test";
		};
		202A89EF1B9F1D3600BFD243 /* AnimationDemo3UITests */ = {
			isa = PBXNativeTarget;
			buildConfigurationList = 202A89FF1B9F1D3600BFD243 /* Build configuration list for PBXNativeTarget "AnimationDemo3UITests" */;
			buildPhases = (
				202A89EC1B9F1D3600BFD243 /* Sources */,
				202A89ED1B9F1D3600BFD243 /* Frameworks */,
				202A89EE1B9F1D3600BFD243 /* Resources */,
			);
			buildRules = (
			);
			dependencies = (
				202A89F21B9F1D3600BFD243 /* PBXTargetDependency */,
			);
			name = AnimationDemo3UITests;
			productName = AnimationDemo3UITests;
			productReference = 202A89F01B9F1D3600BFD243 /* AnimationDemo3UITests.xctest */;
			productType = "com.apple.product-type.bundle.ui-testing";
		};
/* End PBXNativeTarget section */

/* Begin PBXProject section */
		202A89C91B9F1D3600BFD243 /* Project object */ = {
			isa = PBXProject;
			attributes = {
				LastUpgradeCheck = 0700;
				ORGANIZATIONNAME = duzhe;
				TargetAttributes = {
					202A89D01B9F1D3600BFD243 = {
						CreatedOnToolsVersion = 7.0;
					};
					202A89E41B9F1D3600BFD243 = {
						CreatedOnToolsVersion = 7.0;
						TestTargetID = 202A89D01B9F1D3600BFD243;
					};
					202A89EF1B9F1D3600BFD243 = {
						CreatedOnToolsVersion = 7.0;
						TestTargetID = 202A89D01B9F1D3600BFD243;
					};
				};
			};
			buildConfigurationList = 202A89CC1B9F1D3600BFD243 /* Build configuration list for PBXProject "AnimationDemo3" */;
			compatibilityVersion = "Xcode 3.2";
			developmentRegion = English;
			hasScannedForEncodings = 0;
			knownRegions = (
				en,
				Base,
			);
			mainGroup = 202A89C81B9F1D3600BFD243;
			productRefGroup = 202A89D21B9F1D3600BFD243 /* Products */;
			projectDirPath = "";
			projectRoot = "";
			targets = (
				202A89D01B9F1D3600BFD243 /* AnimationDemo3 */,
				202A89E41B9F1D3600BFD243 /* AnimationDemo3Tests */,
				202A89EF1B9F1D3600BFD243 /* AnimationDemo3UITests */,
			);
		};
/* End PBXProject section */

/* Begin PBXResourcesBuildPhase section */
		202A89CF1B9F1D3600BFD243 /* Resources */ = {
			isa = PBXResourcesBuildPhase;
			buildActionMask = 2147483647;
			files = (
				202A89DF1B9F1D3600BFD243 /* LaunchScreen.storyboard in Resources */,
				202A89DC1B9F1D3600BFD243 /* Assets.xcassets in Resources */,
				202A89DA1B9F1D3600BFD243 /* Main.storyboard in Resources */,
			);
			runOnlyForDeploymentPostprocessing = 0;
		};
		202A89E31B9F1D3600BFD243 /* Resources */ = {
			isa = PBXResourcesBuildPhase;
			buildActionMask = 2147483647;
			files = (
			);
			runOnlyForDeploymentPostprocessing = 0;
		};
		202A89EE1B9F1D3600BFD243 /* Resources */ = {
			isa = PBXResourcesBuildPhase;
			buildActionMask = 2147483647;
			files = (
			);
			runOnlyForDeploymentPostprocessing = 0;
		};
/* End PBXResourcesBuildPhase section */

/* Begin PBXSourcesBuildPhase section */
		202A89CD1B9F1D3600BFD243 /* Sources */ = {
			isa = PBXSourcesBuildPhase;
			buildActionMask = 2147483647;
			files = (
				202A89D71B9F1D3600BFD243 /* ViewController.swift in Sources */,
				202A89D51B9F1D3600BFD243 /* AppDelegate.swift in Sources */,
			);
			runOnlyForDeploymentPostprocessing = 0;
		};
		202A89E11B9F1D3600BFD243 /* Sources */ = {
			isa = PBXSourcesBuildPhase;
			buildActionMask = 2147483647;
			files = (
				202A89EA1B9F1D3600BFD243 /* AnimationDemo3Tests.swift in Sources */,
			);
			runOnlyForDeploymentPostprocessing = 0;
		};
		202A89EC1B9F1D3600BFD243 /* Sources */ = {
			isa = PBXSourcesBuildPhase;
			buildActionMask = 2147483647;
			files = (
				202A89F51B9F1D3600BFD243 /* AnimationDemo3UITests.swift in Sources */,
			);
			runOnlyForDeploymentPostprocessing = 0;
		};
/* End PBXSourcesBuildPhase section */

/* Begin PBXTargetDependency section */
		202A89E71B9F1D3600BFD243 /* PBXTargetDependency */ = {
			isa = PBXTargetDependency;
			target = 202A89D01B9F1D3600BFD243 /* AnimationDemo3 */;
			targetProxy = 202A89E61B9F1D3600BFD243 /* PBXContainerItemProxy */;
		};
		202A89F21B9F1D3600BFD243 /* PBXTargetDependency */ = {
			isa = PBXTargetDependency;
			target = 202A89D01B9F1D3600BFD243 /* AnimationDemo3 */;
			targetProxy = 202A89F11B9F1D3600BFD243 /* PBXContainerItemProxy */;
		};
/* End PBXTargetDependency section */

/* Begin PBXVariantGroup section */
		202A89D81B9F1D3600BFD243 /* Main.storyboard */ = {
			isa = PBXVariantGroup;
			children = (
				202A89D91B9F1D3600BFD243 /* Base */,
			);
			name = Main.storyboard;
			sourceTree = "<group>";
		};
		202A89DD1B9F1D3600BFD243 /* LaunchScreen.storyboard */ = {
			isa = PBXVariantGroup;
			children = (
				202A89DE1B9F1D3600BFD243 /* Base */,
			);
			name = LaunchScreen.storyboard;
			sourceTree = "<group>";
		};
/* End PBXVariantGroup section */

/* Begin XCBuildConfiguration section */
		202A89F71B9F1D3600BFD243 /* Debug */ = {
			isa = XCBuildConfiguration;
			buildSettings = {
				ALWAYS_SEARCH_USER_PATHS = NO;
				CLANG_CXX_LANGUAGE_STANDARD = "gnu++0x";
				CLANG_CXX_LIBRARY = "libc++";
				CLANG_ENABLE_MODULES = YES;
				CLANG_ENABLE_OBJC_ARC = YES;
				CLANG_WARN_BOOL_CONVERSION = YES;
				CLANG_WARN_CONSTANT_CONVERSION = YES;
				CLANG_WARN_DIRECT_OBJC_ISA_USAGE = YES_ERROR;
				CLANG_WARN_EMPTY_BODY = YES;
				CLANG_WARN_ENUM_CONVERSION = YES;
				CLANG_WARN_INT_CONVERSION = YES;
				CLANG_WARN_OBJC_ROOT_CLASS = YES_ERROR;
				CLANG_WARN_UNREACHABLE_CODE = YES;
				CLANG_WARN__DUPLICATE_METHOD_MATCH = YES;
				"CODE_SIGN_IDENTITY[sdk=iphoneos*]" = "iPhone Developer";
				COPY_PHASE_STRIP = NO;
				DEBUG_INFORMATION_FORMAT = dwarf;
				ENABLE_STRICT_OBJC_MSGSEND = YES;
				ENABLE_TESTABILITY = YES;
				GCC_C_LANGUAGE_STANDARD = gnu99;
				GCC_DYNAMIC_NO_PIC = NO;
				GCC_NO_COMMON_BLOCKS = YES;
				GCC_OPTIMIZATION_LEVEL = 0;
				GCC_PREPROCESSOR_DEFINITIONS = (
					"DEBUG=1",
					"$(inherited)",
				);
				GCC_WARN_64_TO_32_BIT_CONVERSION = YES;
				GCC_WARN_ABOUT_RETURN_TYPE = YES_ERROR;
				GCC_WARN_UNDECLARED_SELECTOR = YES;
				GCC_WARN_UNINITIALIZED_AUTOS = YES_AGGRESSIVE;
				GCC_WARN_UNUSED_FUNCTION = YES;
				GCC_WARN_UNUSED_VARIABLE = YES;
				IPHONEOS_DEPLOYMENT_TARGET = 9.0;
				MTL_ENABLE_DEBUG_INFO = YES;
				ONLY_ACTIVE_ARCH = YES;
				SDKROOT = iphoneos;
				SWIFT_OPTIMIZATION_LEVEL = "-Onone";
			};
			name = Debug;
		};
		202A89F81B9F1D3600BFD243 /* Release */ = {
			isa = XCBuildConfiguration;
			buildSettings = {
				ALWAYS_SEARCH_USER_PATHS = NO;
				CLANG_CXX_LANGUAGE_STANDARD = "gnu++0x";
				CLANG_CXX_LIBRARY = "libc++";
				CLANG_ENABLE_MODULES = YES;
				CLANG_ENABLE_OBJC_ARC = YES;
				CLANG_WARN_BOOL_CONVERSION = YES;
				CLANG_WARN_CONSTANT_CONVERSION = YES;
				CLANG_WARN_DIRECT_OBJC_ISA_USAGE = YES_ERROR;
				CLANG_WARN_EMPTY_BODY = YES;
				CLANG_WARN_ENUM_CONVERSION = YES;
				CLANG_WARN_INT_CONVERSION = YES;
				CLANG_WARN_OBJC_ROOT_CLASS = YES_ERROR;
				CLANG_WARN_UNREACHABLE_CODE = YES;
				CLANG_WARN__DUPLICATE_METHOD_MATCH = YES;
				"CODE_SIGN_IDENTITY[sdk=iphoneos*]" = "iPhone Developer";
				COPY_PHASE_STRIP = NO;
				DEBUG_INFORMATION_FORMAT = "dwarf-with-dsym";
				ENABLE_NS_ASSERTIONS = NO;
				ENABLE_STRICT_OBJC_MSGSEND = YES;
				GCC_C_LANGUAGE_STANDARD = gnu99;
				GCC_NO_COMMON_BLOCKS = YES;
				GCC_WARN_64_TO_32_BIT_CONVERSION = YES;
				GCC_WARN_ABOUT_RETURN_TYPE = YES_ERROR;
				GCC_WARN_UNDECLARED_SELECTOR = YES;
				GCC_WARN_UNINITIALIZED_AUTOS = YES_AGGRESSIVE;
				GCC_WARN_UNUSED_FUNCTION = YES;
				GCC_WARN_UNUSED_VARIABLE = YES;
				IPHONEOS_DEPLOYMENT_TARGET = 9.0;
				MTL_ENABLE_DEBUG_INFO = NO;
				SDKROOT = iphoneos;
				VALIDATE_PRODUCT = YES;
			};
			name = Release;
		};
		202A89FA1B9F1D3600BFD243 /* Debug */ = {
			isa = XCBuildConfiguration;
			buildSettings = {
				ASSETCATALOG_COMPILER_APPICON_NAME = AppIcon;
				INFOPLIST_FILE = AnimationDemo3/Info.plist;
				LD_RUNPATH_SEARCH_PATHS = "$(inherited) @executable_path/Frameworks";
				PRODUCT_BUNDLE_IDENTIFIER = dz.org.AnimationDemo3;
				PRODUCT_NAME = "$(TARGET_NAME)";
			};
			name = Debug;
		};
		202A89FB1B9F1D3600BFD243 /* Release */ = {
			isa = XCBuildConfiguration;
			buildSettings = {
				ASSETCATALOG_COMPILER_APPICON_NAME = AppIcon;
				INFOPLIST_FILE = AnimationDemo3/Info.plist;
				LD_RUNPATH_SEARCH_PATHS = "$(inherited) @executable_path/Frameworks";
				PRODUCT_BUNDLE_IDENTIFIER = dz.org.AnimationDemo3;
				PRODUCT_NAME = "$(TARGET_NAME)";
			};
			name = Release;
		};
		202A89FD1B9F1D3600BFD243 /* Debug */ = {
			isa = XCBuildConfiguration;
			buildSettings = {
				BUNDLE_LOADER = "$(TEST_HOST)";
				INFOPLIST_FILE = AnimationDemo3Tests/Info.plist;
				LD_RUNPATH_SEARCH_PATHS = "$(inherited) @executable_path/Frameworks @loader_path/Frameworks";
				PRODUCT_BUNDLE_IDENTIFIER = dz.org.AnimationDemo3Tests;
				PRODUCT_NAME = "$(TARGET_NAME)";
				TEST_HOST = "$(BUILT_PRODUCTS_DIR)/AnimationDemo3.app/AnimationDemo3";
			};
			name = Debug;
		};
		202A89FE1B9F1D3600BFD243 /* Release */ = {
			isa = XCBuildConfiguration;
			buildSettings = {
				BUNDLE_LOADER = "$(TEST_HOST)";
				INFOPLIST_FILE = AnimationDemo3Tests/Info.plist;
				LD_RUNPATH_SEARCH_PATHS = "$(inherited) @executable_path/Frameworks @loader_path/Frameworks";
				PRODUCT_BUNDLE_IDENTIFIER = dz.org.AnimationDemo3Tests;
				PRODUCT_NAME = "$(TARGET_NAME)";
				TEST_HOST = "$(BUILT_PRODUCTS_DIR)/AnimationDemo3.app/AnimationDemo3";
			};
			name = Release;
		};
		202A8A001B9F1D3600BFD243 /* Debug */ = {
			isa = XCBuildConfiguration;
			buildSettings = {
				INFOPLIST_FILE = AnimationDemo3UITests/Info.plist;
				LD_RUNPATH_SEARCH_PATHS = "$(inherited) @executable_path/Frameworks @loader_path/Frameworks";
				PRODUCT_BUNDLE_IDENTIFIER = dz.org.AnimationDemo3UITests;
				PRODUCT_NAME = "$(TARGET_NAME)";
				TEST_TARGET_NAME = AnimationDemo3;
				USES_XCTRUNNER = YES;
			};
			name = Debug;
		};
		202A8A011B9F1D3600BFD243 /* Release */ = {
			isa = XCBuildConfiguration;
			buildSettings = {
				INFOPLIST_FILE = AnimationDemo3UITests/Info.plist;
				LD_RUNPATH_SEARCH_PATHS = "$(inherited) @executable_path/Frameworks @loader_path/Frameworks";
				PRODUCT_BUNDLE_IDENTIFIER = dz.org.AnimationDemo3UITests;
				PRODUCT_NAME = "$(TARGET_NAME)";
				TEST_TARGET_NAME = AnimationDemo3;
				USES_XCTRUNNER = YES;
			};
			name = Release;
		};
/* End XCBuildConfiguration section */

/* Begin XCConfigurationList section */
		202A89CC1B9F1D3600BFD243 /* Build configuration list for PBXProject "AnimationDemo3" */ = {
			isa = XCConfigurationList;
			buildConfigurations = (
				202A89F71B9F1D3600BFD243 /* Debug */,
				202A89F81B9F1D3600BFD243 /* Release */,
			);
			defaultConfigurationIsVisible = 0;
			defaultConfigurationName = Release;
		};
		202A89F91B9F1D3600BFD243 /* Build configuration list for PBXNativeTarget "AnimationDemo3" */ = {
			isa = XCConfigurationList;
			buildConfigurations = (
				202A89FA1B9F1D3600BFD243 /* Debug */,
				202A89FB1B9F1D3600BFD243 /* Release */,
			);
			defaultConfigurationIsVisible = 0;
		};
		202A89FC1B9F1D3600BFD243 /* Build configuration list for PBXNativeTarget "AnimationDemo3Tests" */ = {
			isa = XCConfigurationList;
			buildConfigurations = (
				202A89FD1B9F1D3600BFD243 /* Debug */,
				202A89FE1B9F1D3600BFD243 /* Release */,
			);
			defaultConfigurationIsVisible = 0;
		};
		202A89FF1B9F1D3600BFD243 /* Build configuration list for PBXNativeTarget "AnimationDemo3UITests" */ = {
			isa = XCConfigurationList;
			buildConfigurations = (
				202A8A001B9F1D3600BFD243 /* Debug */,
				202A8A011B9F1D3600BFD243 /* Release */,
			);
			defaultConfigurationIsVisible = 0;
		};
/* End XCConfigurationList section */
	};
	rootObject = 202A89C91B9F1D3600BFD243 /* Project object */;
}
